
Microsoft Visual Studio Solution File, Format Version 12.00
# Visual Studio Version 16
VisualStudioVersion = 16.0.29306.81
MinimumVisualStudioVersion = 10.0.40219.1
Project("{9A19103F-16F7-4668-BE54-9A1E7A4F7556}") = "Pica.Taller.Mvc", "Mvc\Pica.Taller.Mvc.csproj", "{D00A47BB-27D7-4519-90FF-A6AC289731DF}"
EndProject
Global
	GlobalSection(SolutionConfigurationPlatforms) = preSolution
		Debug|Any CPU = Debug|Any CPU
		Release|Any CPU = Release|Any CPU
	EndGlobalSection
	GlobalSection(ProjectConfigurationPlatforms) = postSolution
		{D00A47BB-27D7-4519-90FF-A6AC289731DF}.Debug|Any CPU.ActiveCfg = Debug|Any CPU
		{D00A47BB-27D7-4519-90FF-A6AC289731DF}.Debug|Any CPU.Build.0 = Debug|Any CPU
		{D00A47BB-27D7-4519-90FF-A6AC289731DF}.Release|Any CPU.ActiveCfg = Release|Any CPU
		{D00A47BB-27D7-4519-90FF-A6AC289731DF}.Release|Any CPU.Build.0 = Release|Any CPU
	EndGlobalSection
	GlobalSection(SolutionProperties) = preSolution
		HideSolutionNode = FALSE
	EndGlobalSection
	GlobalSection(ExtensibilityGlobals) = postSolution
		SolutionGuid = {AAAF55C9-E5CE-4FD1-AB06-467C18558173}
	EndGlobalSection
EndGlobal
